
Microsoft Visual Studio Solution File, Format Version 12.00
# Visual Studio Version 17
VisualStudioVersion = 17.0.31903.59
MinimumVisualStudioVersion = 10.0.40219.1
Project("{2150E333-8FDC-42A3-9474-1A3956D46DE8}") = "src", "src", "{827E0CD3-B72D-47B6-A68D-7590B98EB39B}"
EndProject
Project("{FAE04EC0-301F-11D3-BF4B-00C04F79EFBC}") = "Testy.Core", "src\Testy.Core\Testy.Core.csproj", "{381F9A9B-D6ED-4785-9120-F9BDFFEC4D93}"
EndProject
Project("{FAE04EC0-301F-11D3-BF4B-00C04F79EFBC}") = "Testy.Windows", "src\Testy.Windows\Testy.Windows.csproj", "{AEB30060-AFF7-4D62-AACB-96991CABECEF}"
EndProject
Project("{FAE04EC0-301F-11D3-BF4B-00C04F79EFBC}") = "Testy.WpfProbe", "src\Testy.WpfProbe\Testy.WpfProbe.csproj", "{FEF15F45-4812-4909-9FC9-C22C476D0406}"
EndProject
Project("{FAE04EC0-301F-11D3-BF4B-00C04F79EFBC}") = "Testy.TestLab", "src\Testy.TestLab\Testy.TestLab.csproj", "{6A4040AF-1336-4807-94A9-B0DA4A6FC617}"
EndProject
Project("{FAE04EC0-301F-11D3-BF4B-00C04F79EFBC}") = "Testy.Studio", "src\Testy.Studio\Testy.Studio.csproj", "{8BC98DF1-5535-45A8-BA2C-4183CF3C3F26}"
EndProject
Project("{FAE04EC0-301F-11D3-BF4B-00C04F79EFBC}") = "Testy.Cli", "src\Testy.Cli\Testy.Cli.csproj", "{60C8BC63-7CF0-4558-88BE-2BAB0D96B5AC}"
EndProject
Project("{FAE04EC0-301F-11D3-BF4B-00C04F79EFBC}") = "Testy.Tests", "tests\Testy.Tests\Testy.Tests.csproj", "{230C0F22-63F4-410A-9480-6471F2F4A563}"
EndProject
Project("{2150E333-8FDC-42A3-9474-1A3956D46DE8}") = "tests", "tests", "{0AB3BF05-4346-4AA6-1389-037BE0695223}"
EndProject
Project("{FAE04EC0-301F-11D3-BF4B-00C04F79EFBC}") = "Testy.WindowsChecks", "tests\Testy.WindowsChecks\Testy.WindowsChecks.csproj", "{279026EF-07A5-405D-B190-A72043E44269}"
EndProject
Project("{FAE04EC0-301F-11D3-BF4B-00C04F79EFBC}") = "Testy.OrderLab", "src\Testy.OrderLab\Testy.OrderLab.csproj", "{6037F985-137B-40A1-B401-35F6052816CF}"
EndProject
Project("{FAE04EC0-301F-11D3-BF4B-00C04F79EFBC}") = "Testy.WpfLab", "src\Testy.WpfLab\Testy.WpfLab.csproj", "{9D3079B0-3BF2-4041-9209-FE69B5C94BA5}"
EndProject
Project("{FAE04EC0-301F-11D3-BF4B-00C04F79EFBC}") = "Testy.Agent", "src\Testy.Agent\Testy.Agent.csproj", "{D71A797B-CE71-40B0-BD6D-CC0A0675F5C1}"
EndProject
Project("{FAE04EC0-301F-11D3-BF4B-00C04F79EFBC}") = "Testy.IdleFixture", "tests\Testy.IdleFixture\Testy.IdleFixture.csproj", "{5E0B7C1A-3D62-4B7E-9C55-2F1E6A7D9B31}"
EndProject
Global
	GlobalSection(SolutionConfigurationPlatforms) = preSolution
		Debug|Any CPU = Debug|Any CPU
		Debug|x64 = Debug|x64
		Debug|x86 = Debug|x86
		Release|Any CPU = Release|Any CPU
		Release|x64 = Release|x64
		Release|x86 = Release|x86
	EndGlobalSection
	GlobalSection(ProjectConfigurationPlatforms) = postSolution
		{381F9A9B-D6ED-4785-9120-F9BDFFEC4D93}.Debug|Any CPU.ActiveCfg = Debug|Any CPU
		{381F9A9B-D6ED-4785-9120-F9BDFFEC4D93}.Debug|Any CPU.Build.0 = Debug|Any CPU
		{381F9A9B-D6ED-4785-9120-F9BDFFEC4D93}.Debug|x64.ActiveCfg = Debug|Any CPU
		{381F9A9B-D6ED-4785-9120-F9BDFFEC4D93}.Debug|x64.Build.0 = Debug|Any CPU
		{381F9A9B-D6ED-4785-9120-F9BDFFEC4D93}.Debug|x86.ActiveCfg = Debug|Any CPU
		{381F9A9B-D6ED-4785-9120-F9BDFFEC4D93}.Debug|x86.Build.0 = Debug|Any CPU
		{381F9A9B-D6ED-4785-9120-F9BDFFEC4D93}.Release|Any CPU.ActiveCfg = Release|Any CPU
		{381F9A9B-D6ED-4785-9120-F9BDFFEC4D93}.Release|Any CPU.Build.0 = Release|Any CPU
		{381F9A9B-D6ED-4785-9120-F9BDFFEC4D93}.Release|x64.ActiveCfg = Release|Any CPU
		{381F9A9B-D6ED-4785-9120-F9BDFFEC4D93}.Release|x64.Build.0 = Release|Any CPU
		{381F9A9B-D6ED-4785-9120-F9BDFFEC4D93}.Release|x86.ActiveCfg = Release|Any CPU
		{381F9A9B-D6ED-4785-9120-F9BDFFEC4D93}.Release|x86.Build.0 = Release|Any CPU
		{AEB30060-AFF7-4D62-AACB-96991CABECEF}.Debug|Any CPU.ActiveCfg = Debug|Any CPU
		{AEB30060-AFF7-4D62-AACB-96991CABECEF}.Debug|Any CPU.Build.0 = Debug|Any CPU
		{AEB30060-AFF7-4D62-AACB-96991CABECEF}.Debug|x64.ActiveCfg = Debug|Any CPU
		{AEB30060-AFF7-4D62-AACB-96991CABECEF}.Debug|x64.Build.0 = Debug|Any CPU
		{AEB30060-AFF7-4D62-AACB-96991CABECEF}.Debug|x86.ActiveCfg = Debug|Any CPU
		{AEB30060-AFF7-4D62-AACB-96991CABECEF}.Debug|x86.Build.0 = Debug|Any CPU
		{AEB30060-AFF7-4D62-AACB-96991CABECEF}.Release|Any CPU.ActiveCfg = Release|Any CPU
		{AEB30060-AFF7-4D62-AACB-96991CABECEF}.Release|Any CPU.Build.0 = Release|Any CPU
		{AEB30060-AFF7-4D62-AACB-96991CABECEF}.Release|x64.ActiveCfg = Release|Any CPU
		{AEB30060-AFF7-4D62-AACB-96991CABECEF}.Release|x64.Build.0 = Release|Any CPU
		{AEB30060-AFF7-4D62-AACB-96991CABECEF}.Release|x86.ActiveCfg = Release|Any CPU
		{AEB30060-AFF7-4D62-AACB-96991CABECEF}.Release|x86.Build.0 = Release|Any CPU
		{FEF15F45-4812-4909-9FC9-C22C476D0406}.Debug|Any CPU.ActiveCfg = Debug|Any CPU
		{FEF15F45-4812-4909-9FC9-C22C476D0406}.Debug|Any CPU.Build.0 = Debug|Any CPU
		{FEF15F45-4812-4909-9FC9-C22C476D0406}.Debug|x64.ActiveCfg = Debug|Any CPU
		{FEF15F45-4812-4909-9FC9-C22C476D0406}.Debug|x64.Build.0 = Debug|Any CPU
		{FEF15F45-4812-4909-9FC9-C22C476D0406}.Debug|x86.ActiveCfg = Debug|Any CPU
		{FEF15F45-4812-4909-9FC9-C22C476D0406}.Debug|x86.Build.0 = Debug|Any CPU
		{FEF15F45-4812-4909-9FC9-C22C476D0406}.Release|Any CPU.ActiveCfg = Release|Any CPU
		{FEF15F45-4812-4909-9FC9-C22C476D0406}.Release|Any CPU.Build.0 = Release|Any CPU
		{FEF15F45-4812-4909-9FC9-C22C476D0406}.Release|x64.ActiveCfg = Release|Any CPU
		{FEF15F45-4812-4909-9FC9-C22C476D0406}.Release|x64.Build.0 = Release|Any CPU
		{FEF15F45-4812-4909-9FC9-C22C476D0406}.Release|x86.ActiveCfg = Release|Any CPU
		{FEF15F45-4812-4909-9FC9-C22C476D0406}.Release|x86.Build.0 = Release|Any CPU
		{6A4040AF-1336-4807-94A9-B0DA4A6FC617}.Debug|Any CPU.ActiveCfg = Debug|Any CPU
		{6A4040AF-1336-4807-94A9-B0DA4A6FC617}.Debug|Any CPU.Build.0 = Debug|Any CPU
		{6A4040AF-1336-4807-94A9-B0DA4A6FC617}.Debug|x64.ActiveCfg = Debug|Any CPU
		{6A4040AF-1336-4807-94A9-B0DA4A6FC617}.Debug|x64.Build.0 = Debug|Any CPU
		{6A4040AF-1336-4807-94A9-B0DA4A6FC617}.Debug|x86.ActiveCfg = Debug|Any CPU
		{6A4040AF-1336-4807-94A9-B0DA4A6FC617}.Debug|x86.Build.0 = Debug|Any CPU
		{6A4040AF-1336-4807-94A9-B0DA4A6FC617}.Release|Any CPU.ActiveCfg = Release|Any CPU
		{6A4040AF-1336-4807-94A9-B0DA4A6FC617}.Release|Any CPU.Build.0 = Release|Any CPU
		{6A4040AF-1336-4807-94A9-B0DA4A6FC617}.Release|x64.ActiveCfg = Release|Any CPU
		{6A4040AF-1336-4807-94A9-B0DA4A6FC617}.Release|x64.Build.0 = Release|Any CPU
		{6A4040AF-1336-4807-94A9-B0DA4A6FC617}.Release|x86.ActiveCfg = Release|Any CPU
		{6A4040AF-1336-4807-94A9-B0DA4A6FC617}.Release|x86.Build.0 = Release|Any CPU
		{8BC98DF1-5535-45A8-BA2C-4183CF3C3F26}.Debug|Any CPU.ActiveCfg = Debug|Any CPU
		{8BC98DF1-5535-45A8-BA2C-4183CF3C3F26}.Debug|Any CPU.Build.0 = Debug|Any CPU
		{8BC98DF1-5535-45A8-BA2C-4183CF3C3F26}.Debug|x64.ActiveCfg = Debug|Any CPU
		{8BC98DF1-5535-45A8-BA2C-4183CF3C3F26}.Debug|x64.Build.0 = Debug|Any CPU
		{8BC98DF1-5535-45A8-BA2C-4183CF3C3F26}.Debug|x86.ActiveCfg = Debug|Any CPU
		{8BC98DF1-5535-45A8-BA2C-4183CF3C3F26}.Debug|x86.Build.0 = Debug|Any CPU
		{8BC98DF1-5535-45A8-BA2C-4183CF3C3F26}.Release|Any CPU.ActiveCfg = Release|Any CPU
		{8BC98DF1-5535-45A8-BA2C-4183CF3C3F26}.Release|Any CPU.Build.0 = Release|Any CPU
		{8BC98DF1-5535-45A8-BA2C-4183CF3C3F26}.Release|x64.ActiveCfg = Release|Any CPU
		{8BC98DF1-5535-45A8-BA2C-4183CF3C3F26}.Release|x64.Build.0 = Release|Any CPU
		{8BC98DF1-5535-45A8-BA2C-4183CF3C3F26}.Release|x86.ActiveCfg = Release|Any CPU
		{8BC98DF1-5535-45A8-BA2C-4183CF3C3F26}.Release|x86.Build.0 = Release|Any CPU
		{60C8BC63-7CF0-4558-88BE-2BAB0D96B5AC}.Debug|Any CPU.ActiveCfg = Debug|Any CPU
		{60C8BC63-7CF0-4558-88BE-2BAB0D96B5AC}.Debug|Any CPU.Build.0 = Debug|Any CPU
		{60C8BC63-7CF0-4558-88BE-2BAB0D96B5AC}.Debug|x64.ActiveCfg = Debug|Any CPU
		{60C8BC63-7CF0-4558-88BE-2BAB0D96B5AC}.Debug|x64.Build.0 = Debug|Any CPU
		{60C8BC63-7CF0-4558-88BE-2BAB0D96B5AC}.Debug|x86.ActiveCfg = Debug|Any CPU
		{60C8BC63-7CF0-4558-88BE-2BAB0D96B5AC}.Debug|x86.Build.0 = Debug|Any CPU
		{60C8BC63-7CF0-4558-88BE-2BAB0D96B5AC}.Release|Any CPU.ActiveCfg = Release|Any CPU
		{60C8BC63-7CF0-4558-88BE-2BAB0D96B5AC}.Release|Any CPU.Build.0 = Release|Any CPU
		{60C8BC63-7CF0-4558-88BE-2BAB0D96B5AC}.Release|x64.ActiveCfg = Release|Any CPU
		{60C8BC63-7CF0-4558-88BE-2BAB0D96B5AC}.Release|x64.Build.0 = Release|Any CPU
		{60C8BC63-7CF0-4558-88BE-2BAB0D96B5AC}.Release|x86.ActiveCfg = Release|Any CPU
		{60C8BC63-7CF0-4558-88BE-2BAB0D96B5AC}.Release|x86.Build.0 = Release|Any CPU
		{230C0F22-63F4-410A-9480-6471F2F4A563}.Debug|Any CPU.ActiveCfg = Debug|Any CPU
		{230C0F22-63F4-410A-9480-6471F2F4A563}.Debug|Any CPU.Build.0 = Debug|Any CPU
		{230C0F22-63F4-410A-9480-6471F2F4A563}.Debug|x64.ActiveCfg = Debug|Any CPU
		{230C0F22-63F4-410A-9480-6471F2F4A563}.Debug|x64.Build.0 = Debug|Any CPU
		{230C0F22-63F4-410A-9480-6471F2F4A563}.Debug|x86.ActiveCfg = Debug|Any CPU
		{230C0F22-63F4-410A-9480-6471F2F4A563}.Debug|x86.Build.0 = Debug|Any CPU
		{230C0F22-63F4-410A-9480-6471F2F4A563}.Release|Any CPU.ActiveCfg = Release|Any CPU
		{230C0F22-63F4-410A-9480-6471F2F4A563}.Release|Any CPU.Build.0 = Release|Any CPU
		{230C0F22-63F4-410A-9480-6471F2F4A563}.Release|x64.ActiveCfg = Release|Any CPU
		{230C0F22-63F4-410A-9480-6471F2F4A563}.Release|x64.Build.0 = Release|Any CPU
		{230C0F22-63F4-410A-9480-6471F2F4A563}.Release|x86.ActiveCfg = Release|Any CPU
		{230C0F22-63F4-410A-9480-6471F2F4A563}.Release|x86.Build.0 = Release|Any CPU
		{279026EF-07A5-405D-B190-A72043E44269}.Debug|Any CPU.ActiveCfg = Debug|Any CPU
		{279026EF-07A5-405D-B190-A72043E44269}.Debug|Any CPU.Build.0 = Debug|Any CPU
		{279026EF-07A5-405D-B190-A72043E44269}.Debug|x64.ActiveCfg = Debug|Any CPU
		{279026EF-07A5-405D-B190-A72043E44269}.Debug|x64.Build.0 = Debug|Any CPU
		{279026EF-07A5-405D-B190-A72043E44269}.Debug|x86.ActiveCfg = Debug|Any CPU
		{279026EF-07A5-405D-B190-A72043E44269}.Debug|x86.Build.0 = Debug|Any CPU
		{279026EF-07A5-405D-B190-A72043E44269}.Release|Any CPU.ActiveCfg = Release|Any CPU
		{279026EF-07A5-405D-B190-A72043E44269}.Release|Any CPU.Build.0 = Release|Any CPU
		{279026EF-07A5-405D-B190-A72043E44269}.Release|x64.ActiveCfg = Release|Any CPU
		{279026EF-07A5-405D-B190-A72043E44269}.Release|x64.Build.0 = Release|Any CPU
		{279026EF-07A5-405D-B190-A72043E44269}.Release|x86.ActiveCfg = Release|Any CPU
		{279026EF-07A5-405D-B190-A72043E44269}.Release|x86.Build.0 = Release|Any CPU
		{6037F985-137B-40A1-B401-35F6052816CF}.Debug|Any CPU.ActiveCfg = Debug|Any CPU
		{6037F985-137B-40A1-B401-35F6052816CF}.Debug|Any CPU.Build.0 = Debug|Any CPU
		{6037F985-137B-40A1-B401-35F6052816CF}.Debug|x64.ActiveCfg = Debug|Any CPU
		{6037F985-137B-40A1-B401-35F6052816CF}.Debug|x64.Build.0 = Debug|Any CPU
		{6037F985-137B-40A1-B401-35F6052816CF}.Debug|x86.ActiveCfg = Debug|Any CPU
		{6037F985-137B-40A1-B401-35F6052816CF}.Debug|x86.Build.0 = Debug|Any CPU
		{6037F985-137B-40A1-B401-35F6052816CF}.Release|Any CPU.ActiveCfg = Release|Any CPU
		{6037F985-137B-40A1-B401-35F6052816CF}.Release|Any CPU.Build.0 = Release|Any CPU
		{6037F985-137B-40A1-B401-35F6052816CF}.Release|x64.ActiveCfg = Release|Any CPU
		{6037F985-137B-40A1-B401-35F6052816CF}.Release|x64.Build.0 = Release|Any CPU
		{6037F985-137B-40A1-B401-35F6052816CF}.Release|x86.ActiveCfg = Release|Any CPU
		{6037F985-137B-40A1-B401-35F6052816CF}.Release|x86.Build.0 = Release|Any CPU
		{9D3079B0-3BF2-4041-9209-FE69B5C94BA5}.Debug|Any CPU.ActiveCfg = Debug|Any CPU
		{9D3079B0-3BF2-4041-9209-FE69B5C94BA5}.Debug|Any CPU.Build.0 = Debug|Any CPU
		{9D3079B0-3BF2-4041-9209-FE69B5C94BA5}.Debug|x64.ActiveCfg = Debug|Any CPU
		{9D3079B0-3BF2-4041-9209-FE69B5C94BA5}.Debug|x64.Build.0 = Debug|Any CPU
		{9D3079B0-3BF2-4041-9209-FE69B5C94BA5}.Debug|x86.ActiveCfg = Debug|Any CPU
		{9D3079B0-3BF2-4041-9209-FE69B5C94BA5}.Debug|x86.Build.0 = Debug|Any CPU
		{9D3079B0-3BF2-4041-9209-FE69B5C94BA5}.Release|Any CPU.ActiveCfg = Release|Any CPU
		{9D3079B0-3BF2-4041-9209-FE69B5C94BA5}.Release|Any CPU.Build.0 = Release|Any CPU
		{9D3079B0-3BF2-4041-9209-FE69B5C94BA5}.Release|x64.ActiveCfg = Release|Any CPU
		{9D3079B0-3BF2-4041-9209-FE69B5C94BA5}.Release|x64.Build.0 = Release|Any CPU
		{9D3079B0-3BF2-4041-9209-FE69B5C94BA5}.Release|x86.ActiveCfg = Release|Any CPU
		{9D3079B0-3BF2-4041-9209-FE69B5C94BA5}.Release|x86.Build.0 = Release|Any CPU
		{D71A797B-CE71-40B0-BD6D-CC0A0675F5C1}.Debug|Any CPU.ActiveCfg = Debug|Any CPU
		{D71A797B-CE71-40B0-BD6D-CC0A0675F5C1}.Debug|Any CPU.Build.0 = Debug|Any CPU
		{D71A797B-CE71-40B0-BD6D-CC0A0675F5C1}.Debug|x64.ActiveCfg = Debug|Any CPU
		{D71A797B-CE71-40B0-BD6D-CC0A0675F5C1}.Debug|x64.Build.0 = Debug|Any CPU
		{D71A797B-CE71-40B0-BD6D-CC0A0675F5C1}.Debug|x86.ActiveCfg = Debug|Any CPU
		{D71A797B-CE71-40B0-BD6D-CC0A0675F5C1}.Debug|x86.Build.0 = Debug|Any CPU
		{D71A797B-CE71-40B0-BD6D-CC0A0675F5C1}.Release|Any CPU.ActiveCfg = Release|Any CPU
		{D71A797B-CE71-40B0-BD6D-CC0A0675F5C1}.Release|Any CPU.Build.0 = Release|Any CPU
		{D71A797B-CE71-40B0-BD6D-CC0A0675F5C1}.Release|x64.ActiveCfg = Release|Any CPU
		{D71A797B-CE71-40B0-BD6D-CC0A0675F5C1}.Release|x64.Build.0 = Release|Any CPU
		{D71A797B-CE71-40B0-BD6D-CC0A0675F5C1}.Release|x86.ActiveCfg = Release|Any CPU
		{D71A797B-CE71-40B0-BD6D-CC0A0675F5C1}.Release|x86.Build.0 = Release|Any CPU
		{5E0B7C1A-3D62-4B7E-9C55-2F1E6A7D9B31}.Debug|Any CPU.ActiveCfg = Debug|Any CPU
		{5E0B7C1A-3D62-4B7E-9C55-2F1E6A7D9B31}.Debug|Any CPU.Build.0 = Debug|Any CPU
		{5E0B7C1A-3D62-4B7E-9C55-2F1E6A7D9B31}.Debug|x64.ActiveCfg = Debug|Any CPU
		{5E0B7C1A-3D62-4B7E-9C55-2F1E6A7D9B31}.Debug|x64.Build.0 = Debug|Any CPU
		{5E0B7C1A-3D62-4B7E-9C55-2F1E6A7D9B31}.Debug|x86.ActiveCfg = Debug|Any CPU
		{5E0B7C1A-3D62-4B7E-9C55-2F1E6A7D9B31}.Debug|x86.Build.0 = Debug|Any CPU
		{5E0B7C1A-3D62-4B7E-9C55-2F1E6A7D9B31}.Release|Any CPU.ActiveCfg = Release|Any CPU
		{5E0B7C1A-3D62-4B7E-9C55-2F1E6A7D9B31}.Release|Any CPU.Build.0 = Release|Any CPU
		{5E0B7C1A-3D62-4B7E-9C55-2F1E6A7D9B31}.Release|x64.ActiveCfg = Release|Any CPU
		{5E0B7C1A-3D62-4B7E-9C55-2F1E6A7D9B31}.Release|x64.Build.0 = Release|Any CPU
		{5E0B7C1A-3D62-4B7E-9C55-2F1E6A7D9B31}.Release|x86.ActiveCfg = Release|Any CPU
		{5E0B7C1A-3D62-4B7E-9C55-2F1E6A7D9B31}.Release|x86.Build.0 = Release|Any CPU
	EndGlobalSection
	GlobalSection(SolutionProperties) = preSolution
		HideSolutionNode = FALSE
	EndGlobalSection
	GlobalSection(NestedProjects) = preSolution
		{381F9A9B-D6ED-4785-9120-F9BDFFEC4D93} = {827E0CD3-B72D-47B6-A68D-7590B98EB39B}
		{AEB30060-AFF7-4D62-AACB-96991CABECEF} = {827E0CD3-B72D-47B6-A68D-7590B98EB39B}
		{FEF15F45-4812-4909-9FC9-C22C476D0406} = {827E0CD3-B72D-47B6-A68D-7590B98EB39B}
		{6A4040AF-1336-4807-94A9-B0DA4A6FC617} = {827E0CD3-B72D-47B6-A68D-7590B98EB39B}
		{8BC98DF1-5535-45A8-BA2C-4183CF3C3F26} = {827E0CD3-B72D-47B6-A68D-7590B98EB39B}
		{60C8BC63-7CF0-4558-88BE-2BAB0D96B5AC} = {827E0CD3-B72D-47B6-A68D-7590B98EB39B}
		{230C0F22-63F4-410A-9480-6471F2F4A563} = {827E0CD3-B72D-47B6-A68D-7590B98EB39B}
		{279026EF-07A5-405D-B190-A72043E44269} = {0AB3BF05-4346-4AA6-1389-037BE0695223}
		{6037F985-137B-40A1-B401-35F6052816CF} = {827E0CD3-B72D-47B6-A68D-7590B98EB39B}
		{9D3079B0-3BF2-4041-9209-FE69B5C94BA5} = {827E0CD3-B72D-47B6-A68D-7590B98EB39B}
		{D71A797B-CE71-40B0-BD6D-CC0A0675F5C1} = {827E0CD3-B72D-47B6-A68D-7590B98EB39B}
		{5E0B7C1A-3D62-4B7E-9C55-2F1E6A7D9B31} = {0AB3BF05-4346-4AA6-1389-037BE0695223}
	EndGlobalSection
EndGlobal
